
Microsoft Visual Studio Solution File, Format Version 12.00
# Visual Studio Version 17
VisualStudioVersion = 17.6.33829.357
MinimumVisualStudioVersion = 10.0.40219.1
Project("{FAE04EC0-301F-11D3-BF4B-00C04F79EFBC}") = "Reserva_API", "Reserva_API\Reserva_API.csproj", "{73489F16-05B1-46C9-8AAB-DC419DE0CB32}"
EndProject
Global
	GlobalSection(SolutionConfigurationPlatforms) = preSolution
		Debug|Any CPU = Debug|Any CPU
		Release|Any CPU = Release|Any CPU
	EndGlobalSection
	GlobalSection(ProjectConfigurationPlatforms) = postSolution
		{73489F16-05B1-46C9-8AAB-DC419DE0CB32}.Debug|Any CPU.ActiveCfg = Debug|Any CPU
		{73489F16-05B1-46C9-8AAB-DC419DE0CB32}.Debug|Any CPU.Build.0 = Debug|Any CPU
		{73489F16-05B1-46C9-8AAB-DC419DE0CB32}.Release|Any CPU.ActiveCfg = Release|Any CPU
		{73489F16-05B1-46C9-8AAB-DC419DE0CB32}.Release|Any CPU.Build.0 = Release|Any CPU
	EndGlobalSection
	GlobalSection(SolutionProperties) = preSolution
		HideSolutionNode = FALSE
	EndGlobalSection
	GlobalSection(ExtensibilityGlobals) = postSolution
		SolutionGuid = {C12A9E9E-DD1C-47C0-9500-C2394C6EAB75}
	EndGlobalSection
EndGlobal
